PODS:
  - GCDWebServer/Core (3.5.4)
  - GCDWebServer/WebUploader (3.5.4):
    - GCDWebServer/Core
  - GRDB.swift (5.22.0):
    - GRDB.swift/standard (= 5.22.0)
  - GRDB.swift/standard (5.22.0)
  - UnrarKit (2.10):
    - UnrarKit/unrar-lib (= 2.10)
  - UnrarKit/unrar-lib (2.10)
  - ZIPFoundation (0.9.13)

DEPENDENCIES:
  - GCDWebServer/WebUploader (~> 3.0)
  - GRDB.swift
  - UnrarKit
  - ZIPFoundation (~> 0.9)

SPEC REPOS:
  trunk:
    - GCDWebServer
    - GRDB.swift
    - UnrarKit
    - ZIPFoundation

SPEC CHECKSUMS:
  GCDWebServer: 2c156a56c8226e2d5c0c3f208a3621ccffbe3ce4
  GRDB.swift: 8d5edd4ed9257973675790012fdc5519ab00f8f2
  UnrarKit: 62f535c7a34ec52d2514b9b148f33dcfa9a9dc39
  ZIPFoundation: ae5b4b813d216d3bf0a148773267fff14bd51d37

PODFILE CHECKSUM: b7236d02b0a5acc06bb2b5f4cbdd8036f0a77fd6

COCOAPODS: 1.11.3
